
Microsoft Visual Studio Solution File, Format Version 12.00
Project("{FAE04EC0-301F-11D3-BF4B-00C04F79EFBC}") = "ShapeArea", "ShapeArea\ShapeArea.csproj", "{3D7BABF3-AFBF-452B-BB38-52F964FB697A}"
EndProject
Project("{FAE04EC0-301F-11D3-BF4B-00C04F79EFBC}") = "ShapeArea.Tests", "ShapeArea.Tests\ShapeArea.Tests.csproj", "{A41F4056-756B-4EB5-96A5-0FEE1F28E858}"
EndProject
Global
	GlobalSection(SolutionConfigurationPlatforms) = preSolution
		Debug|Any CPU = Debug|Any CPU
		Release|Any CPU = Release|Any CPU
	EndGlobalSection
	GlobalSection(ProjectConfigurationPlatforms) = postSolution
		{3D7BABF3-AFBF-452B-BB38-52F964FB697A}.Debug|Any CPU.ActiveCfg = Debug|Any CPU
		{3D7BABF3-AFBF-452B-BB38-52F964FB697A}.Debug|Any CPU.Build.0 = Debug|Any CPU
		{3D7BABF3-AFBF-452B-BB38-52F964FB697A}.Release|Any CPU.ActiveCfg = Release|Any CPU
		{3D7BABF3-AFBF-452B-BB38-52F964FB697A}.Release|Any CPU.Build.0 = Release|Any CPU
		{A41F4056-756B-4EB5-96A5-0FEE1F28E858}.Debug|Any CPU.ActiveCfg = Debug|Any CPU
		{A41F4056-756B-4EB5-96A5-0FEE1F28E858}.Debug|Any CPU.Build.0 = Debug|Any CPU
		{A41F4056-756B-4EB5-96A5-0FEE1F28E858}.Release|Any CPU.ActiveCfg = Release|Any CPU
		{A41F4056-756B-4EB5-96A5-0FEE1F28E858}.Release|Any CPU.Build.0 = Release|Any CPU
	EndGlobalSection
EndGlobal
